
Microsoft Visual Studio Solution File, Format Version 12.00
# Visual Studio Version 17
VisualStudioVersion = 17.6.33815.320
MinimumVisualStudioVersion = 10.0.40219.1
Project("{FAE04EC0-301F-11D3-BF4B-00C04F79EFBC}") = "Exercise_17", "Exercise_17\Exercise_17.csproj", "{FD0650BD-B6C9-4C5B-9800-353915049F0C}"
EndProject
Global
	GlobalSection(SolutionConfigurationPlatforms) = preSolution
		Debug|Any CPU = Debug|Any CPU
		Release|Any CPU = Release|Any CPU
	EndGlobalSection
	GlobalSection(ProjectConfigurationPlatforms) = postSolution
		{FD0650BD-B6C9-4C5B-9800-353915049F0C}.Debug|Any CPU.ActiveCfg = Debug|Any CPU
		{FD0650BD-B6C9-4C5B-9800-353915049F0C}.Debug|Any CPU.Build.0 = Debug|Any CPU
		{FD0650BD-B6C9-4C5B-9800-353915049F0C}.Release|Any CPU.ActiveCfg = Release|Any CPU
		{FD0650BD-B6C9-4C5B-9800-353915049F0C}.Release|Any CPU.Build.0 = Release|Any CPU
	EndGlobalSection
	GlobalSection(SolutionProperties) = preSolution
		HideSolutionNode = FALSE
	EndGlobalSection
	GlobalSection(ExtensibilityGlobals) = postSolution
		SolutionGuid = {24C47B85-2D59-4AA2-B305-813BCEEFED55}
	EndGlobalSection
EndGlobal
