
Microsoft Visual Studio Solution File, Format Version 12.00
# Visual Studio Version 17
VisualStudioVersion = 17.6.33815.320
MinimumVisualStudioVersion = 10.0.40219.1
Project("{FAE04EC0-301F-11D3-BF4B-00C04F79EFBC}") = "Exercise_11", "Exercise_11\Exercise_11.csproj", "{090C132B-E1BB-417E-AE8C-422E2AEC76EB}"
EndProject
Global
	GlobalSection(SolutionConfigurationPlatforms) = preSolution
		Debug|Any CPU = Debug|Any CPU
		Release|Any CPU = Release|Any CPU
	EndGlobalSection
	GlobalSection(ProjectConfigurationPlatforms) = postSolution
		{090C132B-E1BB-417E-AE8C-422E2AEC76EB}.Debug|Any CPU.ActiveCfg = Debug|Any CPU
		{090C132B-E1BB-417E-AE8C-422E2AEC76EB}.Debug|Any CPU.Build.0 = Debug|Any CPU
		{090C132B-E1BB-417E-AE8C-422E2AEC76EB}.Release|Any CPU.ActiveCfg = Release|Any CPU
		{090C132B-E1BB-417E-AE8C-422E2AEC76EB}.Release|Any CPU.Build.0 = Release|Any CPU
	EndGlobalSection
	GlobalSection(SolutionProperties) = preSolution
		HideSolutionNode = FALSE
	EndGlobalSection
	GlobalSection(ExtensibilityGlobals) = postSolution
		SolutionGuid = {BC0374E9-1854-4D9B-814B-03DEA0FC6D93}
	EndGlobalSection
EndGlobal
